{
  "name": "load-test",
  "version": "1.0.0",
  "lockfileVersion": 3,
  "requires": true,
  "packages": {
    "": {
      "name": "load-test",
      "version": "1.0.0",
      "devDependencies": {
        "@types/k6": "^0.49.0"
      }
    },
    "node_modules/@types/k6": {
      "version": "0.49.3",
      "resolved": "https://registry.npmjs.org/@types/k6/-/k6-0.49.3.tgz",
      "integrity": "sha512-QjRmi2cHt6E5b33pfY6J3QeynuH98bpaV1NVA7qlDXKpKWoFt7mK3n8mw9DjM28125YoKwXbySAQGpOJUTa7Kg==",
      "dev": true,
      "license": "MIT"
    }
  }
}
